
Microsoft Visual Studio Solution File, Format Version 12.00
# Visual Studio Version 16
VisualStudioVersion = 16.0.31515.178
MinimumVisualStudioVersion = 10.0.40219.1
Project("{9A19103F-16F7-4668-BE54-9A1E7A4F7556}") = "PortalServer", "PortalServer.csproj", "{F5E5C181-A80D-47C1-A464-BAE433061DE5}"
EndProject
Project("{9A19103F-16F7-4668-BE54-9A1E7A4F7556}") = "PortalModels", "..\PortalModels\PortalModels.csproj", "{DBFB5EC4-5F3F-4695-BDAC-21D83CA953FA}"
EndProject
Project("{9A19103F-16F7-4668-BE54-9A1E7A4F7556}") = "PortalAPI_Service", "..\PortalAPI_Service\PortalAPI_Service.csproj", "{2A6199D8-DEC8-4A13-8F6A-16DF245CCF3F}"
EndProject
Global
	GlobalSection(SolutionConfigurationPlatforms) = preSolution
		Debug|Any CPU = Debug|Any CPU
		Release|Any CPU = Release|Any CPU
	EndGlobalSection
	GlobalSection(ProjectConfigurationPlatforms) = postSolution
		{F5E5C181-A80D-47C1-A464-BAE433061DE5}.Debug|Any CPU.ActiveCfg = Debug|Any CPU
		{F5E5C181-A80D-47C1-A464-BAE433061DE5}.Debug|Any CPU.Build.0 = Debug|Any CPU
		{F5E5C181-A80D-47C1-A464-BAE433061DE5}.Release|Any CPU.ActiveCfg = Release|Any CPU
		{F5E5C181-A80D-47C1-A464-BAE433061DE5}.Release|Any CPU.Build.0 = Release|Any CPU
		{DBFB5EC4-5F3F-4695-BDAC-21D83CA953FA}.Debug|Any CPU.ActiveCfg = Debug|Any CPU
		{DBFB5EC4-5F3F-4695-BDAC-21D83CA953FA}.Debug|Any CPU.Build.0 = Debug|Any CPU
		{DBFB5EC4-5F3F-4695-BDAC-21D83CA953FA}.Release|Any CPU.ActiveCfg = Release|Any CPU
		{DBFB5EC4-5F3F-4695-BDAC-21D83CA953FA}.Release|Any CPU.Build.0 = Release|Any CPU
		{2A6199D8-DEC8-4A13-8F6A-16DF245CCF3F}.Debug|Any CPU.ActiveCfg = Debug|Any CPU
		{2A6199D8-DEC8-4A13-8F6A-16DF245CCF3F}.Debug|Any CPU.Build.0 = Debug|Any CPU
		{2A6199D8-DEC8-4A13-8F6A-16DF245CCF3F}.Release|Any CPU.ActiveCfg = Release|Any CPU
		{2A6199D8-DEC8-4A13-8F6A-16DF245CCF3F}.Release|Any CPU.Build.0 = Release|Any CPU
	EndGlobalSection
	GlobalSection(SolutionProperties) = preSolution
		HideSolutionNode = FALSE
	EndGlobalSection
	GlobalSection(ExtensibilityGlobals) = postSolution
		SolutionGuid = {98026673-9F71-4F3B-8EB2-C0EFC24B168F}
	EndGlobalSection
EndGlobal
